
Microsoft Visual Studio Solution File, Format Version 11.00
# Visual Studio 2010
Project("{FAE04EC0-301F-11D3-BF4B-00C04F79EFBC}") = "OnScreenKeyboardDisplay", "OnScreenKeyboardDisplay\OnScreenKeyboardDisplay.csproj", "{76E918FE-B664-484D-ADD0-385FF97FEADC}"
EndProject
Project("{FAE04EC0-301F-11D3-BF4B-00C04F79EFBC}") = "XNATools", "XNATools\XNATools.csproj", "{286D6990-2938-468D-B72E-8A6B173E37D2}"
EndProject
Project("{FAE04EC0-301F-11D3-BF4B-00C04F79EFBC}") = "XNAToolsContent", "XNATools\Content\XNAToolsContent.contentproj", "{A9EDA70E-9500-4F01-B53A-F22924B7630F}"
EndProject
Project("{FAE04EC0-301F-11D3-BF4B-00C04F79EFBC}") = "OnScreenKeyboardDisplayLibrary", "OnScreenKeyboardDisplayLibrary\OnScreenKeyboardDisplayLibrary.csproj", "{A70D0A3B-1FF8-4BD8-81BA-9E9912D4A947}"
EndProject
Project("{FAE04EC0-301F-11D3-BF4B-00C04F79EFBC}") = "OSKDContent", "OSKDContent\OSKDContent.contentproj", "{1BDB74D7-B9A1-4FFD-B592-A90CA103E334}"
EndProject
Project("{6141683F-8A12-4E36-9623-2EB02B2C2303}") = "Z_WInstaller", "Installer\Z_WInstaller.isproj", "{F836EA09-B5A5-4705-A14B-A5FE67E32E3E}"
	ProjectSection(ProjectDependencies) = postProject
		{A70D0A3B-1FF8-4BD8-81BA-9E9912D4A947} = {A70D0A3B-1FF8-4BD8-81BA-9E9912D4A947}
		{286D6990-2938-468D-B72E-8A6B173E37D2} = {286D6990-2938-468D-B72E-8A6B173E37D2}
		{76E918FE-B664-484D-ADD0-385FF97FEADC} = {76E918FE-B664-484D-ADD0-385FF97FEADC}
	EndProjectSection
EndProject
Global
	GlobalSection(SolutionConfigurationPlatforms) = preSolution
		Debug|x86 = Debug|x86
		Release|x86 = Release|x86
	EndGlobalSection
	GlobalSection(ProjectConfigurationPlatforms) = postSolution
		{76E918FE-B664-484D-ADD0-385FF97FEADC}.Debug|x86.ActiveCfg = Debug|x86
		{76E918FE-B664-484D-ADD0-385FF97FEADC}.Debug|x86.Build.0 = Debug|x86
		{76E918FE-B664-484D-ADD0-385FF97FEADC}.Release|x86.ActiveCfg = Release|x86
		{76E918FE-B664-484D-ADD0-385FF97FEADC}.Release|x86.Build.0 = Release|x86
		{286D6990-2938-468D-B72E-8A6B173E37D2}.Debug|x86.ActiveCfg = Debug|x86
		{286D6990-2938-468D-B72E-8A6B173E37D2}.Debug|x86.Build.0 = Debug|x86
		{286D6990-2938-468D-B72E-8A6B173E37D2}.Release|x86.ActiveCfg = Release|x86
		{286D6990-2938-468D-B72E-8A6B173E37D2}.Release|x86.Build.0 = Release|x86
		{A9EDA70E-9500-4F01-B53A-F22924B7630F}.Debug|x86.ActiveCfg = Debug|x86
		{A9EDA70E-9500-4F01-B53A-F22924B7630F}.Release|x86.ActiveCfg = Release|x86
		{A9EDA70E-9500-4F01-B53A-F22924B7630F}.Release|x86.Build.0 = Release|x86
		{A70D0A3B-1FF8-4BD8-81BA-9E9912D4A947}.Debug|x86.ActiveCfg = Debug|x86
		{A70D0A3B-1FF8-4BD8-81BA-9E9912D4A947}.Debug|x86.Build.0 = Debug|x86
		{A70D0A3B-1FF8-4BD8-81BA-9E9912D4A947}.Release|x86.ActiveCfg = Release|x86
		{A70D0A3B-1FF8-4BD8-81BA-9E9912D4A947}.Release|x86.Build.0 = Release|x86
		{1BDB74D7-B9A1-4FFD-B592-A90CA103E334}.Debug|x86.ActiveCfg = Debug|Any CPU
		{1BDB74D7-B9A1-4FFD-B592-A90CA103E334}.Release|x86.ActiveCfg = Debug|Any CPU
		{F836EA09-B5A5-4705-A14B-A5FE67E32E3E}.Debug|x86.ActiveCfg = DVD-5
		{F836EA09-B5A5-4705-A14B-A5FE67E32E3E}.Release|x86.ActiveCfg = SingleImage
		{F836EA09-B5A5-4705-A14B-A5FE67E32E3E}.Release|x86.Build.0 = SingleImage
	EndGlobalSection
	GlobalSection(SolutionProperties) = preSolution
		HideSolutionNode = FALSE
	EndGlobalSection
EndGlobal
