
Microsoft Visual Studio Solution File, Format Version 11.00
# Visual Studio 2010
Project("{FAE04EC0-301F-11D3-BF4B-00C04F79EFBC}") = "OnScreenKeyboardDisplay", "OnScreenKeyboardDisplay\OnScreenKeyboardDisplay.csproj", "{76E918FE-B664-484D-ADD0-385FF97FEADC}"
EndProject
Project("{FAE04EC0-301F-11D3-BF4B-00C04F79EFBC}") = "XNATools", "XNATools\XNATools.csproj", "{286D6990-2938-468D-B72E-8A6B173E37D2}"
EndProject
Project("{FAE04EC0-301F-11D3-BF4B-00C04F79EFBC}") = "XNAToolsContent", "XNATools\Content\XNAToolsContent.contentproj", "{A9EDA70E-9500-4F01-B53A-F22924B7630F}"
EndProject
Project("{FAE04EC0-301F-11D3-BF4B-00C04F79EFBC}") = "OnScreenKeyboardDisplayLibrary", "OnScreenKeyboardDisplayLibrary\OnScreenKeyboardDisplayLibrary.csproj", "{A70D0A3B-1FF8-4BD8-81BA-9E9912D4A947}"
EndProject
Project("{FAE04EC0-301F-11D3-BF4B-00C04F79EFBC}") = "OSKDContent", "OSKDContent\OSKDContent.contentproj", "{1BDB74D7-B9A1-4FFD-B592-A90CA103E334}"
EndProject
Project("{FAE04EC0-301F-11D3-BF4B-00C04F79EFBC}") = "OSKDConfig", "OSKDConfig\OSKDConfig.csproj", "{C110272C-B3E3-4E44-A62C-F1E7535B6B4C}"
EndProject
Project("{96E2B04D-8817-42C6-938A-82C39BA4D311}") = "DummyContent", "DummyContent\DummyContent.contentproj", "{701EE1E1-E636-4707-860C-19F399731ADE}"
EndProject
Global
	GlobalSection(SolutionConfigurationPlatforms) = preSolution
		Debug|Any CPU = Debug|Any CPU
		Debug|x86 = Debug|x86
		Release|Any CPU = Release|Any CPU
		Release|x86 = Release|x86
	EndGlobalSection
	GlobalSection(ProjectConfigurationPlatforms) = postSolution
		{76E918FE-B664-484D-ADD0-385FF97FEADC}.Debug|Any CPU.ActiveCfg = Debug|x86
		{76E918FE-B664-484D-ADD0-385FF97FEADC}.Debug|x86.ActiveCfg = Debug|x86
		{76E918FE-B664-484D-ADD0-385FF97FEADC}.Debug|x86.Build.0 = Debug|x86
		{76E918FE-B664-484D-ADD0-385FF97FEADC}.Release|Any CPU.ActiveCfg = Release|x86
		{76E918FE-B664-484D-ADD0-385FF97FEADC}.Release|x86.ActiveCfg = Release|x86
		{76E918FE-B664-484D-ADD0-385FF97FEADC}.Release|x86.Build.0 = Release|x86
		{286D6990-2938-468D-B72E-8A6B173E37D2}.Debug|Any CPU.ActiveCfg = Debug|x86
		{286D6990-2938-468D-B72E-8A6B173E37D2}.Debug|x86.ActiveCfg = Debug|x86
		{286D6990-2938-468D-B72E-8A6B173E37D2}.Debug|x86.Build.0 = Debug|x86
		{286D6990-2938-468D-B72E-8A6B173E37D2}.Release|Any CPU.ActiveCfg = Release|x86
		{286D6990-2938-468D-B72E-8A6B173E37D2}.Release|x86.ActiveCfg = Release|x86
		{286D6990-2938-468D-B72E-8A6B173E37D2}.Release|x86.Build.0 = Release|x86
		{A9EDA70E-9500-4F01-B53A-F22924B7630F}.Debug|Any CPU.ActiveCfg = Debug|x86
		{A9EDA70E-9500-4F01-B53A-F22924B7630F}.Debug|x86.ActiveCfg = Debug|x86
		{A9EDA70E-9500-4F01-B53A-F22924B7630F}.Release|Any CPU.ActiveCfg = Release|x86
		{A9EDA70E-9500-4F01-B53A-F22924B7630F}.Release|x86.ActiveCfg = Release|x86
		{A9EDA70E-9500-4F01-B53A-F22924B7630F}.Release|x86.Build.0 = Release|x86
		{A70D0A3B-1FF8-4BD8-81BA-9E9912D4A947}.Debug|Any CPU.ActiveCfg = Debug|x86
		{A70D0A3B-1FF8-4BD8-81BA-9E9912D4A947}.Debug|x86.ActiveCfg = Debug|x86
		{A70D0A3B-1FF8-4BD8-81BA-9E9912D4A947}.Debug|x86.Build.0 = Debug|x86
		{A70D0A3B-1FF8-4BD8-81BA-9E9912D4A947}.Release|Any CPU.ActiveCfg = Release|x86
		{A70D0A3B-1FF8-4BD8-81BA-9E9912D4A947}.Release|x86.ActiveCfg = Release|x86
		{A70D0A3B-1FF8-4BD8-81BA-9E9912D4A947}.Release|x86.Build.0 = Release|x86
		{1BDB74D7-B9A1-4FFD-B592-A90CA103E334}.Debug|Any CPU.ActiveCfg = Debug|Any CPU
		{1BDB74D7-B9A1-4FFD-B592-A90CA103E334}.Debug|x86.ActiveCfg = Debug|Any CPU
		{1BDB74D7-B9A1-4FFD-B592-A90CA103E334}.Release|Any CPU.ActiveCfg = Debug|Any CPU
		{1BDB74D7-B9A1-4FFD-B592-A90CA103E334}.Release|x86.ActiveCfg = Debug|Any CPU
		{C110272C-B3E3-4E44-A62C-F1E7535B6B4C}.Debug|Any CPU.ActiveCfg = Debug|x86
		{C110272C-B3E3-4E44-A62C-F1E7535B6B4C}.Debug|x86.ActiveCfg = Debug|x86
		{C110272C-B3E3-4E44-A62C-F1E7535B6B4C}.Debug|x86.Build.0 = Debug|x86
		{C110272C-B3E3-4E44-A62C-F1E7535B6B4C}.Release|Any CPU.ActiveCfg = Release|x86
		{C110272C-B3E3-4E44-A62C-F1E7535B6B4C}.Release|x86.ActiveCfg = Release|x86
		{C110272C-B3E3-4E44-A62C-F1E7535B6B4C}.Release|x86.Build.0 = Release|x86
		{701EE1E1-E636-4707-860C-19F399731ADE}.Debug|Any CPU.ActiveCfg = Debug|Any CPU
		{701EE1E1-E636-4707-860C-19F399731ADE}.Debug|x86.ActiveCfg = Debug|Any CPU
		{701EE1E1-E636-4707-860C-19F399731ADE}.Release|Any CPU.ActiveCfg = Debug|Any CPU
		{701EE1E1-E636-4707-860C-19F399731ADE}.Release|x86.ActiveCfg = Debug|Any CPU
	EndGlobalSection
	GlobalSection(SolutionProperties) = preSolution
		HideSolutionNode = FALSE
	EndGlobalSection
EndGlobal
