
Microsoft Visual Studio Solution File, Format Version 11.00
# Visual Studio 2010
Project("{FAE04EC0-301F-11D3-BF4B-00C04F79EFBC}") = "OnScreenKeyboardDisplay", "OnScreenKeyboardDisplay\OnScreenKeyboardDisplay.csproj", "{76E918FE-B664-484D-ADD0-385FF97FEADC}"
EndProject
Project("{FAE04EC0-301F-11D3-BF4B-00C04F79EFBC}") = "XNATools", "XNATools\XNATools.csproj", "{286D6990-2938-468D-B72E-8A6B173E37D2}"
EndProject
Project("{FAE04EC0-301F-11D3-BF4B-00C04F79EFBC}") = "XNAToolsContent", "XNATools\Content\XNAToolsContent.contentproj", "{A9EDA70E-9500-4F01-B53A-F22924B7630F}"
EndProject
Project("{FAE04EC0-301F-11D3-BF4B-00C04F79EFBC}") = "OnScreenKeyboardDisplayLibrary", "OnScreenKeyboardDisplayLibrary\OnScreenKeyboardDisplayLibrary.csproj", "{A70D0A3B-1FF8-4BD8-81BA-9E9912D4A947}"
	ProjectSection(ProjectDependencies) = postProject
		{4E4F9445-DD46-40FF-A4B3-CD80EE8423F6} = {4E4F9445-DD46-40FF-A4B3-CD80EE8423F6}
	EndProjectSection
EndProject
Project("{FAE04EC0-301F-11D3-BF4B-00C04F79EFBC}") = "OSKDContent", "OSKDContent\OSKDContent.contentproj", "{1BDB74D7-B9A1-4FFD-B592-A90CA103E334}"
EndProject
Project("{FAE04EC0-301F-11D3-BF4B-00C04F79EFBC}") = "OSKDConfig", "OSKDConfig\OSKDConfig.csproj", "{C110272C-B3E3-4E44-A62C-F1E7535B6B4C}"
EndProject
Project("{FAE04EC0-301F-11D3-BF4B-00C04F79EFBC}") = "EmptyContent", "EmptyContent\EmptyContent.contentproj", "{F06073C5-05F2-42A5-B228-A4881F3F82EB}"
EndProject
Project("{8BC9CEB8-8B4A-11D0-8D11-00A0C91BC942}") = "OSKDUnmanagedLib", "OSKDUnmanagedLib\OSKDUnmanagedLib.vcxproj", "{4E4F9445-DD46-40FF-A4B3-CD80EE8423F6}"
EndProject
Global
	GlobalSection(SolutionConfigurationPlatforms) = preSolution
		Debug|Any CPU = Debug|Any CPU
		Debug|Mixed Platforms = Debug|Mixed Platforms
		Debug|Win32 = Debug|Win32
		Debug|x86 = Debug|x86
		Release|Any CPU = Release|Any CPU
		Release|Mixed Platforms = Release|Mixed Platforms
		Release|Win32 = Release|Win32
		Release|x86 = Release|x86
	EndGlobalSection
	GlobalSection(ProjectConfigurationPlatforms) = postSolution
		{76E918FE-B664-484D-ADD0-385FF97FEADC}.Debug|Any CPU.ActiveCfg = Debug|x86
		{76E918FE-B664-484D-ADD0-385FF97FEADC}.Debug|Mixed Platforms.ActiveCfg = Debug|x86
		{76E918FE-B664-484D-ADD0-385FF97FEADC}.Debug|Mixed Platforms.Build.0 = Debug|x86
		{76E918FE-B664-484D-ADD0-385FF97FEADC}.Debug|Win32.ActiveCfg = Debug|x86
		{76E918FE-B664-484D-ADD0-385FF97FEADC}.Debug|x86.ActiveCfg = Debug|x86
		{76E918FE-B664-484D-ADD0-385FF97FEADC}.Debug|x86.Build.0 = Debug|x86
		{76E918FE-B664-484D-ADD0-385FF97FEADC}.Release|Any CPU.ActiveCfg = Release|x86
		{76E918FE-B664-484D-ADD0-385FF97FEADC}.Release|Mixed Platforms.ActiveCfg = Release|x86
		{76E918FE-B664-484D-ADD0-385FF97FEADC}.Release|Mixed Platforms.Build.0 = Release|x86
		{76E918FE-B664-484D-ADD0-385FF97FEADC}.Release|Win32.ActiveCfg = Release|x86
		{76E918FE-B664-484D-ADD0-385FF97FEADC}.Release|x86.ActiveCfg = Release|x86
		{76E918FE-B664-484D-ADD0-385FF97FEADC}.Release|x86.Build.0 = Release|x86
		{286D6990-2938-468D-B72E-8A6B173E37D2}.Debug|Any CPU.ActiveCfg = Debug|x86
		{286D6990-2938-468D-B72E-8A6B173E37D2}.Debug|Mixed Platforms.ActiveCfg = Debug|x86
		{286D6990-2938-468D-B72E-8A6B173E37D2}.Debug|Mixed Platforms.Build.0 = Debug|x86
		{286D6990-2938-468D-B72E-8A6B173E37D2}.Debug|Win32.ActiveCfg = Debug|x86
		{286D6990-2938-468D-B72E-8A6B173E37D2}.Debug|x86.ActiveCfg = Debug|x86
		{286D6990-2938-468D-B72E-8A6B173E37D2}.Debug|x86.Build.0 = Debug|x86
		{286D6990-2938-468D-B72E-8A6B173E37D2}.Release|Any CPU.ActiveCfg = Release|x86
		{286D6990-2938-468D-B72E-8A6B173E37D2}.Release|Mixed Platforms.ActiveCfg = Release|x86
		{286D6990-2938-468D-B72E-8A6B173E37D2}.Release|Mixed Platforms.Build.0 = Release|x86
		{286D6990-2938-468D-B72E-8A6B173E37D2}.Release|Win32.ActiveCfg = Release|x86
		{286D6990-2938-468D-B72E-8A6B173E37D2}.Release|x86.ActiveCfg = Release|x86
		{286D6990-2938-468D-B72E-8A6B173E37D2}.Release|x86.Build.0 = Release|x86
		{A9EDA70E-9500-4F01-B53A-F22924B7630F}.Debug|Any CPU.ActiveCfg = Debug|x86
		{A9EDA70E-9500-4F01-B53A-F22924B7630F}.Debug|Mixed Platforms.ActiveCfg = Debug|x86
		{A9EDA70E-9500-4F01-B53A-F22924B7630F}.Debug|Win32.ActiveCfg = Debug|x86
		{A9EDA70E-9500-4F01-B53A-F22924B7630F}.Debug|x86.ActiveCfg = Debug|x86
		{A9EDA70E-9500-4F01-B53A-F22924B7630F}.Release|Any CPU.ActiveCfg = Release|x86
		{A9EDA70E-9500-4F01-B53A-F22924B7630F}.Release|Mixed Platforms.ActiveCfg = Release|x86
		{A9EDA70E-9500-4F01-B53A-F22924B7630F}.Release|Win32.ActiveCfg = Release|x86
		{A9EDA70E-9500-4F01-B53A-F22924B7630F}.Release|x86.ActiveCfg = Release|x86
		{A9EDA70E-9500-4F01-B53A-F22924B7630F}.Release|x86.Build.0 = Release|x86
		{A70D0A3B-1FF8-4BD8-81BA-9E9912D4A947}.Debug|Any CPU.ActiveCfg = Debug|x86
		{A70D0A3B-1FF8-4BD8-81BA-9E9912D4A947}.Debug|Mixed Platforms.ActiveCfg = Debug|x86
		{A70D0A3B-1FF8-4BD8-81BA-9E9912D4A947}.Debug|Mixed Platforms.Build.0 = Debug|x86
		{A70D0A3B-1FF8-4BD8-81BA-9E9912D4A947}.Debug|Win32.ActiveCfg = Debug|x86
		{A70D0A3B-1FF8-4BD8-81BA-9E9912D4A947}.Debug|x86.ActiveCfg = Debug|x86
		{A70D0A3B-1FF8-4BD8-81BA-9E9912D4A947}.Debug|x86.Build.0 = Debug|x86
		{A70D0A3B-1FF8-4BD8-81BA-9E9912D4A947}.Release|Any CPU.ActiveCfg = Release|x86
		{A70D0A3B-1FF8-4BD8-81BA-9E9912D4A947}.Release|Mixed Platforms.ActiveCfg = Release|x86
		{A70D0A3B-1FF8-4BD8-81BA-9E9912D4A947}.Release|Mixed Platforms.Build.0 = Release|x86
		{A70D0A3B-1FF8-4BD8-81BA-9E9912D4A947}.Release|Win32.ActiveCfg = Release|x86
		{A70D0A3B-1FF8-4BD8-81BA-9E9912D4A947}.Release|x86.ActiveCfg = Release|x86
		{A70D0A3B-1FF8-4BD8-81BA-9E9912D4A947}.Release|x86.Build.0 = Release|x86
		{1BDB74D7-B9A1-4FFD-B592-A90CA103E334}.Debug|Any CPU.ActiveCfg = Debug|Any CPU
		{1BDB74D7-B9A1-4FFD-B592-A90CA103E334}.Debug|Mixed Platforms.ActiveCfg = Debug|Any CPU
		{1BDB74D7-B9A1-4FFD-B592-A90CA103E334}.Debug|Win32.ActiveCfg = Debug|Any CPU
		{1BDB74D7-B9A1-4FFD-B592-A90CA103E334}.Debug|x86.ActiveCfg = Debug|Any CPU
		{1BDB74D7-B9A1-4FFD-B592-A90CA103E334}.Release|Any CPU.ActiveCfg = Debug|Any CPU
		{1BDB74D7-B9A1-4FFD-B592-A90CA103E334}.Release|Mixed Platforms.ActiveCfg = Debug|Any CPU
		{1BDB74D7-B9A1-4FFD-B592-A90CA103E334}.Release|Win32.ActiveCfg = Debug|Any CPU
		{1BDB74D7-B9A1-4FFD-B592-A90CA103E334}.Release|x86.ActiveCfg = Debug|Any CPU
		{C110272C-B3E3-4E44-A62C-F1E7535B6B4C}.Debug|Any CPU.ActiveCfg = Debug|x86
		{C110272C-B3E3-4E44-A62C-F1E7535B6B4C}.Debug|Mixed Platforms.ActiveCfg = Debug|x86
		{C110272C-B3E3-4E44-A62C-F1E7535B6B4C}.Debug|Mixed Platforms.Build.0 = Debug|x86
		{C110272C-B3E3-4E44-A62C-F1E7535B6B4C}.Debug|Win32.ActiveCfg = Debug|x86
		{C110272C-B3E3-4E44-A62C-F1E7535B6B4C}.Debug|x86.ActiveCfg = Debug|x86
		{C110272C-B3E3-4E44-A62C-F1E7535B6B4C}.Debug|x86.Build.0 = Debug|x86
		{C110272C-B3E3-4E44-A62C-F1E7535B6B4C}.Release|Any CPU.ActiveCfg = Release|x86
		{C110272C-B3E3-4E44-A62C-F1E7535B6B4C}.Release|Mixed Platforms.ActiveCfg = Release|x86
		{C110272C-B3E3-4E44-A62C-F1E7535B6B4C}.Release|Mixed Platforms.Build.0 = Release|x86
		{C110272C-B3E3-4E44-A62C-F1E7535B6B4C}.Release|Win32.ActiveCfg = Release|x86
		{C110272C-B3E3-4E44-A62C-F1E7535B6B4C}.Release|x86.ActiveCfg = Release|x86
		{C110272C-B3E3-4E44-A62C-F1E7535B6B4C}.Release|x86.Build.0 = Release|x86
		{F06073C5-05F2-42A5-B228-A4881F3F82EB}.Debug|Any CPU.ActiveCfg = Debug|Any CPU
		{F06073C5-05F2-42A5-B228-A4881F3F82EB}.Debug|Mixed Platforms.ActiveCfg = Debug|Any CPU
		{F06073C5-05F2-42A5-B228-A4881F3F82EB}.Debug|Win32.ActiveCfg = Debug|Any CPU
		{F06073C5-05F2-42A5-B228-A4881F3F82EB}.Debug|x86.ActiveCfg = Debug|Any CPU
		{F06073C5-05F2-42A5-B228-A4881F3F82EB}.Release|Any CPU.ActiveCfg = Debug|Any CPU
		{F06073C5-05F2-42A5-B228-A4881F3F82EB}.Release|Mixed Platforms.ActiveCfg = Debug|Any CPU
		{F06073C5-05F2-42A5-B228-A4881F3F82EB}.Release|Win32.ActiveCfg = Debug|Any CPU
		{F06073C5-05F2-42A5-B228-A4881F3F82EB}.Release|x86.ActiveCfg = Debug|Any CPU
		{4E4F9445-DD46-40FF-A4B3-CD80EE8423F6}.Debug|Any CPU.ActiveCfg = Debug|Win32
		{4E4F9445-DD46-40FF-A4B3-CD80EE8423F6}.Debug|Mixed Platforms.ActiveCfg = Debug|Win32
		{4E4F9445-DD46-40FF-A4B3-CD80EE8423F6}.Debug|Mixed Platforms.Build.0 = Debug|Win32
		{4E4F9445-DD46-40FF-A4B3-CD80EE8423F6}.Debug|Win32.ActiveCfg = Debug|Win32
		{4E4F9445-DD46-40FF-A4B3-CD80EE8423F6}.Debug|Win32.Build.0 = Debug|Win32
		{4E4F9445-DD46-40FF-A4B3-CD80EE8423F6}.Debug|x86.ActiveCfg = Debug|Win32
		{4E4F9445-DD46-40FF-A4B3-CD80EE8423F6}.Debug|x86.Build.0 = Debug|Win32
		{4E4F9445-DD46-40FF-A4B3-CD80EE8423F6}.Release|Any CPU.ActiveCfg = Release|Win32
		{4E4F9445-DD46-40FF-A4B3-CD80EE8423F6}.Release|Mixed Platforms.ActiveCfg = Release|Win32
		{4E4F9445-DD46-40FF-A4B3-CD80EE8423F6}.Release|Mixed Platforms.Build.0 = Release|Win32
		{4E4F9445-DD46-40FF-A4B3-CD80EE8423F6}.Release|Win32.ActiveCfg = Release|Win32
		{4E4F9445-DD46-40FF-A4B3-CD80EE8423F6}.Release|Win32.Build.0 = Release|Win32
		{4E4F9445-DD46-40FF-A4B3-CD80EE8423F6}.Release|x86.ActiveCfg = Release|Win32
		{4E4F9445-DD46-40FF-A4B3-CD80EE8423F6}.Release|x86.Build.0 = Release|Win32
	EndGlobalSection
	GlobalSection(SolutionProperties) = preSolution
		HideSolutionNode = FALSE
	EndGlobalSection
EndGlobal
